
Microsoft Visual Studio Solution File, Format Version 12.00
# Visual Studio Version 16
VisualStudioVersion = 16.0.31402.337
MinimumVisualStudioVersion = 10.0.40219.1
Project("{FAE04EC0-301F-11D3-BF4B-00C04F79EFBC}") = "ConsoleApp1", "ConsoleApp1\ConsoleApp1.csproj", "{F5446144-5E21-429C-B228-4815A0BACB55}"
EndProject
Global
	GlobalSection(SolutionConfigurationPlatforms) = preSolution
		Debug|Any CPU = Debug|Any CPU
		Release|Any CPU = Release|Any CPU
	EndGlobalSection
	GlobalSection(ProjectConfigurationPlatforms) = postSolution
		{F5446144-5E21-429C-B228-4815A0BACB55}.Debug|Any CPU.ActiveCfg = Debug|Any CPU
		{F5446144-5E21-429C-B228-4815A0BACB55}.Debug|Any CPU.Build.0 = Debug|Any CPU
		{F5446144-5E21-429C-B228-4815A0BACB55}.Release|Any CPU.ActiveCfg = Release|Any CPU
		{F5446144-5E21-429C-B228-4815A0BACB55}.Release|Any CPU.Build.0 = Release|Any CPU
	EndGlobalSection
	GlobalSection(SolutionProperties) = preSolution
		HideSolutionNode = FALSE
	EndGlobalSection
	GlobalSection(ExtensibilityGlobals) = postSolution
		SolutionGuid = {4A8622CD-2B8C-485B-B83D-F774B83F13F4}
	EndGlobalSection
EndGlobal
